// !$*UTF8*$!
{
	archiveVersion = 1;
	classes = {
	};
	objectVersion = 55;
	objects = {

/* Begin PBXBuildFile section */
		AA4A870C281E7D8E000D89C3 /* AppDelegate.swift in Sources */ = {isa = PBXBuildFile; fileRef = AA4A870B281E7D8E000D89C3 /* AppDelegate.swift */; };
		AA4A870E281E7D8E000D89C3 /* SceneDelegate.swift in Sources */ = {isa = PBXBuildFile; fileRef = AA4A870D281E7D8E000D89C3 /* SceneDelegate.swift */; };
		AA4A8710281E7D8E000D89C3 /* ViewController.swift in Sources */ = {isa = PBXBuildFile; fileRef = AA4A870F281E7D8E000D89C3 /* ViewController.swift */; };
		AA4A8713281E7D8E000D89C3 /* Main.storyboard in Resources */ = {isa = PBXBuildFile; fileRef = AA4A8711281E7D8E000D89C3 /* Main.storyboard */; };
		AA4A8715281E7D91000D89C3 /* Assets.xcassets in Resources */ = {isa = PBXBuildFile; fileRef = AA4A8714281E7D91000D89C3 /* Assets.xcassets */; };
		AA4A8718281E7D91000D89C3 /* LaunchScreen.storyboard in Resources */ = {isa = PBXBuildFile; fileRef = AA4A8716281E7D91000D89C3 /* LaunchScreen.storyboard */; };
		AA4A8720281E82BF000D89C3 /* QuizViewController.swift in Sources */ = {isa = PBXBuildFile; fileRef = AA4A871F281E82BF000D89C3 /* QuizViewController.swift */; };
		AA4A8722281E8810000D89C3 /* ScoreViewController.swift in Sources */ = {isa = PBXBuildFile; fileRef = AA4A8721281E8810000D89C3 /* ScoreViewController.swift */; };
		AA4A8724281E9023000D89C3 /* quiz.csv in Resources */ = {isa = PBXBuildFile; fileRef = AA4A8723281E9023000D89C3 /* quiz.csv */; };
		AA4A8728281ECA0C000D89C3 /* correct.png in Resources */ = {isa = PBXBuildFile; fileRef = AA4A8726281ECA0C000D89C3 /* correct.png */; };
		AA4A8729281ECA0C000D89C3 /* incorrect.png in Resources */ = {isa = PBXBuildFile; fileRef = AA4A8727281ECA0C000D89C3 /* incorrect.png */; };
/* End PBXBuildFile section */

/* Begin PBXFileReference section */
		AA4A8708281E7D8E000D89C3 /* Quiz.app */ = {isa = PBXFileReference; explicitFileType = wrapper.application; includeInIndex = 0; path = Quiz.app; sourceTree = BUILT_PRODUCTS_DIR; };
		AA4A870B281E7D8E000D89C3 /* AppDelegate.swift */ = {isa = PBXFileReference; lastKnownFileType = sourcecode.swift; path = AppDelegate.swift; sourceTree = "<group>"; };
		AA4A870D281E7D8E000D89C3 /* SceneDelegate.swift */ = {isa = PBXFileReference; lastKnownFileType = sourcecode.swift; path = SceneDelegate.swift; sourceTree = "<group>"; };
		AA4A870F281E7D8E000D89C3 /* ViewController.swift */ = {isa = PBXFileReference; lastKnownFileType = sourcecode.swift; path = ViewController.swift; sourceTree = "<group>"; };
		AA4A8712281E7D8E000D89C3 /* Base */ = {isa = PBXFileReference; lastKnownFileType = file.storyboard; name = Base; path = Base.lproj/Main.storyboard; sourceTree = "<group>"; };
		AA4A8714281E7D91000D89C3 /* Assets.xcassets */ = {isa = PBXFileReference; lastKnownFileType = folder.assetcatalog; path = Assets.xcassets; sourceTree = "<group>"; };
		AA4A8717281E7D91000D89C3 /* Base */ = {isa = PBXFileReference; lastKnownFileType = file.storyboard; name = Base; path = Base.lproj/LaunchScreen.storyboard; sourceTree = "<group>"; };
		AA4A8719281E7D91000D89C3 /* Info.plist */ = {isa = PBXFileReference; lastKnownFileType = text.plist.xml; path = Info.plist; sourceTree = "<group>"; };
		AA4A871F281E82BF000D89C3 /* QuizViewController.swift */ = {isa = PBXFileReference; lastKnownFileType = sourcecode.swift; path = QuizViewController.swift; sourceTree = "<group>"; };
		AA4A8721281E8810000D89C3 /* ScoreViewController.swift */ = {isa = PBXFileReference; lastKnownFileType = sourcecode.swift; path = ScoreViewController.swift; sourceTree = "<group>"; };
		AA4A8723281E9023000D89C3 /* quiz.csv */ = {isa = PBXFileReference; lastKnownFileType = text; path = quiz.csv; sourceTree = "<group>"; };
		AA4A8726281ECA0C000D89C3 /* correct.png */ = {isa = PBXFileReference; lastKnownFileType = image.png; path = correct.png; sourceTree = "<group>"; };
		AA4A8727281ECA0C000D89C3 /* incorrect.png */ = {isa = PBXFileReference; lastKnownFileType = image.png; path = incorrect.png; sourceTree = "<group>"; };
/* End PBXFileReference section */

/* Begin PBXFrameworksBuildPhase section */
		AA4A8705281E7D8E000D89C3 /* Frameworks */ = {
			isa = PBXFrameworksBuildPhase;
			buildActionMask = 2147483647;
			files = (
			);
			runOnlyForDeploymentPostprocessing = 0;
		};
/* End PBXFrameworksBuildPhase section */

/* Begin PBXGroup section */
		AA4A86FF281E7D8E000D89C3 = {
			isa = PBXGroup;
			children = (
				AA4A870A281E7D8E000D89C3 /* Quiz */,
				AA4A8709281E7D8E000D89C3 /* Products */,
			);
			sourceTree = "<group>";
		};
		AA4A8709281E7D8E000D89C3 /* Products */ = {
			isa = PBXGroup;
			children = (
				AA4A8708281E7D8E000D89C3 /* Quiz.app */,
			);
			name = Products;
			sourceTree = "<group>";
		};
		AA4A870A281E7D8E000D89C3 /* Quiz */ = {
			isa = PBXGroup;
			children = (
				AA4A870B281E7D8E000D89C3 /* AppDelegate.swift */,
				AA4A870D281E7D8E000D89C3 /* SceneDelegate.swift */,
				AA4A870F281E7D8E000D89C3 /* ViewController.swift */,
				AA4A8711281E7D8E000D89C3 /* Main.storyboard */,
				AA4A8721281E8810000D89C3 /* ScoreViewController.swift */,
				AA4A871F281E82BF000D89C3 /* QuizViewController.swift */,
				AA4A8725281ECA0C000D89C3 /* image */,
				AA4A8723281E9023000D89C3 /* quiz.csv */,
				AA4A8714281E7D91000D89C3 /* Assets.xcassets */,
				AA4A8716281E7D91000D89C3 /* LaunchScreen.storyboard */,
				AA4A8719281E7D91000D89C3 /* Info.plist */,
			);
			path = Quiz;
			sourceTree = "<group>";
		};
		AA4A8725281ECA0C000D89C3 /* image */ = {
			isa = PBXGroup;
			children = (
				AA4A8726281ECA0C000D89C3 /* correct.png */,
				AA4A8727281ECA0C000D89C3 /* incorrect.png */,
			);
			path = image;
			sourceTree = "<group>";
		};
/* End PBXGroup section */

/* Begin PBXNativeTarget section */
		AA4A8707281E7D8E000D89C3 /* Quiz */ = {
			isa = PBXNativeTarget;
			buildConfigurationList = AA4A871C281E7D91000D89C3 /* Build configuration list for PBXNativeTarget "Quiz" */;
			buildPhases = (
				AA4A8704281E7D8E000D89C3 /* Sources */,
				AA4A8705281E7D8E000D89C3 /* Frameworks */,
				AA4A8706281E7D8E000D89C3 /* Resources */,
			);
			buildRules = (
			);
			dependencies = (
			);
			name = Quiz;
			productName = Quiz;
			productReference = AA4A8708281E7D8E000D89C3 /* Quiz.app */;
			productType = "com.apple.product-type.application";
		};
/* End PBXNativeTarget section */

/* Begin PBXProject section */
		AA4A8700281E7D8E000D89C3 /* Project object */ = {
			isa = PBXProject;
			attributes = {
				BuildIndependentTargetsInParallel = 1;
				LastSwiftUpdateCheck = 1330;
				LastUpgradeCheck = 1330;
				TargetAttributes = {
					AA4A8707281E7D8E000D89C3 = {
						CreatedOnToolsVersion = 13.3.1;
					};
				};
			};
			buildConfigurationList = AA4A8703281E7D8E000D89C3 /* Build configuration list for PBXProject "Quiz" */;
			compatibilityVersion = "Xcode 13.0";
			developmentRegion = en;
			hasScannedForEncodings = 0;
			knownRegions = (
				en,
				Base,
			);
			mainGroup = AA4A86FF281E7D8E000D89C3;
			productRefGroup = AA4A8709281E7D8E000D89C3 /* Products */;
			projectDirPath = "";
			projectRoot = "";
			targets = (
				AA4A8707281E7D8E000D89C3 /* Quiz */,
			);
		};
/* End PBXProject section */

/* Begin PBXResourcesBuildPhase section */
		AA4A8706281E7D8E000D89C3 /* Resources */ = {
			isa = PBXResourcesBuildPhase;
			buildActionMask = 2147483647;
			files = (
				AA4A8728281ECA0C000D89C3 /* correct.png in Resources */,
				AA4A8729281ECA0C000D89C3 /* incorrect.png in Resources */,
				AA4A8718281E7D91000D89C3 /* LaunchScreen.storyboard in Resources */,
				AA4A8715281E7D91000D89C3 /* Assets.xcassets in Resources */,
				AA4A8713281E7D8E000D89C3 /* Main.storyboard in Resources */,
				AA4A8724281E9023000D89C3 /* quiz.csv in Resources */,
			);
			runOnlyForDeploymentPostprocessing = 0;
		};
/* End PBXResourcesBuildPhase section */

/* Begin PBXSourcesBuildPhase section */
		AA4A8704281E7D8E000D89C3 /* Sources */ = {
			isa = PBXSourcesBuildPhase;
			buildActionMask = 2147483647;
			files = (
				AA4A8710281E7D8E000D89C3 /* ViewController.swift in Sources */,
				AA4A870C281E7D8E000D89C3 /* AppDelegate.swift in Sources */,
				AA4A8722281E8810000D89C3 /* ScoreViewController.swift in Sources */,
				AA4A870E281E7D8E000D89C3 /* SceneDelegate.swift in Sources */,
				AA4A8720281E82BF000D89C3 /* QuizViewController.swift in Sources */,
			);
			runOnlyForDeploymentPostprocessing = 0;
		};
/* End PBXSourcesBuildPhase section */

/* Begin PBXVariantGroup section */
		AA4A8711281E7D8E000D89C3 /* Main.storyboard */ = {
			isa = PBXVariantGroup;
			children = (
				AA4A8712281E7D8E000D89C3 /* Base */,
			);
			name = Main.storyboard;
			sourceTree = "<group>";
		};
		AA4A8716281E7D91000D89C3 /* LaunchScreen.storyboard */ = {
			isa = PBXVariantGroup;
			children = (
				AA4A8717281E7D91000D89C3 /* Base */,
			);
			name = LaunchScreen.storyboard;
			sourceTree = "<group>";
		};
/* End PBXVariantGroup section */

/* Begin XCBuildConfiguration section */
		AA4A871A281E7D91000D89C3 /* Debug */ = {
			isa = XCBuildConfiguration;
			buildSettings = {
				ALWAYS_SEARCH_USER_PATHS = NO;
				CLANG_ANALYZER_NONNULL = YES;
				CLANG_ANALYZER_NUMBER_OBJECT_CONVERSION = YES_AGGRESSIVE;
				CLANG_CXX_LANGUAGE_STANDARD = "gnu++17";
				CLANG_ENABLE_MODULES = YES;
				CLANG_ENABLE_OBJC_ARC = YES;
				CLANG_ENABLE_OBJC_WEAK = YES;
				CLANG_WARN_BLOCK_CAPTURE_AUTORELEASING = YES;
				CLANG_WARN_BOOL_CONVERSION = YES;
				CLANG_WARN_COMMA = YES;
				CLANG_WARN_CONSTANT_CONVERSION = YES;
				CLANG_WARN_DEPRECATED_OBJC_IMPLEMENTATIONS = YES;
				CLANG_WARN_DIRECT_OBJC_ISA_USAGE = YES_ERROR;
				CLANG_WARN_DOCUMENTATION_COMMENTS = YES;
				CLANG_WARN_EMPTY_BODY = YES;
				CLANG_WARN_ENUM_CONVERSION = YES;
				CLANG_WARN_INFINITE_RECURSION = YES;
				CLANG_WARN_INT_CONVERSION = YES;
				CLANG_WARN_NON_LITERAL_NULL_CONVERSION = YES;
				CLANG_WARN_OBJC_IMPLICIT_RETAIN_SELF = YES;
				CLANG_WARN_OBJC_LITERAL_CONVERSION = YES;
				CLANG_WARN_OBJC_ROOT_CLASS = YES_ERROR;
				CLANG_WARN_QUOTED_INCLUDE_IN_FRAMEWORK_HEADER = YES;
				CLANG_WARN_RANGE_LOOP_ANALYSIS = YES;
				CLANG_WARN_STRICT_PROTOTYPES = YES;
				CLANG_WARN_SUSPICIOUS_MOVE = YES;
				CLANG_WARN_UNGUARDED_AVAILABILITY = YES_AGGRESSIVE;
				CLANG_WARN_UNREACHABLE_CODE = YES;
				CLANG_WARN__DUPLICATE_METHOD_MATCH = YES;
				COPY_PHASE_STRIP = NO;
				DEBUG_INFORMATION_FORMAT = dwarf;
				ENABLE_STRICT_OBJC_MSGSEND = YES;
				ENABLE_TESTABILITY = YES;
				GCC_C_LANGUAGE_STANDARD = gnu11;
				GCC_DYNAMIC_NO_PIC = NO;
				GCC_NO_COMMON_BLOCKS = YES;
				GCC_OPTIMIZATION_LEVEL = 0;
				GCC_PREPROCESSOR_DEFINITIONS = (
					"DEBUG=1",
					"$(inherited)",
				);
				GCC_WARN_64_TO_32_BIT_CONVERSION = YES;
				GCC_WARN_ABOUT_RETURN_TYPE = YES_ERROR;
				GCC_WARN_UNDECLARED_SELECTOR = YES;
				GCC_WARN_UNINITIALIZED_AUTOS = YES_AGGRESSIVE;
				GCC_WARN_UNUSED_FUNCTION = YES;
				GCC_WARN_UNUSED_VARIABLE = YES;
				IPHONEOS_DEPLOYMENT_TARGET = 15.4;
				MTL_ENABLE_DEBUG_INFO = INCLUDE_SOURCE;
				MTL_FAST_MATH = YES;
				ONLY_ACTIVE_ARCH = YES;
				SDKROOT = iphoneos;
				SWIFT_ACTIVE_COMPILATION_CONDITIONS = DEBUG;
				SWIFT_OPTIMIZATION_LEVEL = "-Onone";
			};
			name = Debug;
		};
		AA4A871B281E7D91000D89C3 /* Release */ = {
			isa = XCBuildConfiguration;
			buildSettings = {
				ALWAYS_SEARCH_USER_PATHS = NO;
				CLANG_ANALYZER_NONNULL = YES;
				CLANG_ANALYZER_NUMBER_OBJECT_CONVERSION = YES_AGGRESSIVE;
				CLANG_CXX_LANGUAGE_STANDARD = "gnu++17";
				CLANG_ENABLE_MODULES = YES;
				CLANG_ENABLE_OBJC_ARC = YES;
				CLANG_ENABLE_OBJC_WEAK = YES;
				CLANG_WARN_BLOCK_CAPTURE_AUTORELEASING = YES;
				CLANG_WARN_BOOL_CONVERSION = YES;
				CLANG_WARN_COMMA = YES;
				CLANG_WARN_CONSTANT_CONVERSION = YES;
				CLANG_WARN_DEPRECATED_OBJC_IMPLEMENTATIONS = YES;
				CLANG_WARN_DIRECT_OBJC_ISA_USAGE = YES_ERROR;
				CLANG_WARN_DOCUMENTATION_COMMENTS = YES;
				CLANG_WARN_EMPTY_BODY = YES;
				CLANG_WARN_ENUM_CONVERSION = YES;
				CLANG_WARN_INFINITE_RECURSION = YES;
				CLANG_WARN_INT_CONVERSION = YES;
				CLANG_WARN_NON_LITERAL_NULL_CONVERSION = YES;
				CLANG_WARN_OBJC_IMPLICIT_RETAIN_SELF = YES;
				CLANG_WARN_OBJC_LITERAL_CONVERSION = YES;
				CLANG_WARN_OBJC_ROOT_CLASS = YES_ERROR;
				CLANG_WARN_QUOTED_INCLUDE_IN_FRAMEWORK_HEADER = YES;
				CLANG_WARN_RANGE_LOOP_ANALYSIS = YES;
				CLANG_WARN_STRICT_PROTOTYPES = YES;
				CLANG_WARN_SUSPICIOUS_MOVE = YES;
				CLANG_WARN_UNGUARDED_AVAILABILITY = YES_AGGRESSIVE;
				CLANG_WARN_UNREACHABLE_CODE = YES;
				CLANG_WARN__DUPLICATE_METHOD_MATCH = YES;
				COPY_PHASE_STRIP = NO;
				DEBUG_INFORMATION_FORMAT = "dwarf-with-dsym";
				ENABLE_NS_ASSERTIONS = NO;
				ENABLE_STRICT_OBJC_MSGSEND = YES;
				GCC_C_LANGUAGE_STANDARD = gnu11;
				GCC_NO_COMMON_BLOCKS = YES;
				GCC_WARN_64_TO_32_BIT_CONVERSION = YES;
				GCC_WARN_ABOUT_RETURN_TYPE = YES_ERROR;
				GCC_WARN_UNDECLARED_SELECTOR = YES;
				GCC_WARN_UNINITIALIZED_AUTOS = YES_AGGRESSIVE;
				GCC_WARN_UNUSED_FUNCTION = YES;
				GCC_WARN_UNUSED_VARIABLE = YES;
				IPHONEOS_DEPLOYMENT_TARGET = 15.4;
				MTL_ENABLE_DEBUG_INFO = NO;
				MTL_FAST_MATH = YES;
				SDKROOT = iphoneos;
				SWIFT_COMPILATION_MODE = wholemodule;
				SWIFT_OPTIMIZATION_LEVEL = "-O";
				VALIDATE_PRODUCT = YES;
			};
			name = Release;
		};
		AA4A871D281E7D91000D89C3 /* Debug */ = {
			isa = XCBuildConfiguration;
			buildSettings = {
				ASSETCATALOG_COMPILER_APPICON_NAME = AppIcon;
				ASSETCATALOG_COMPILER_GLOBAL_ACCENT_COLOR_NAME = AccentColor;
				CODE_SIGN_STYLE = Automatic;
				CURRENT_PROJECT_VERSION = 1;
				DEVELOPMENT_TEAM = 62SS56G3WJ;
				GENERATE_INFOPLIST_FILE = YES;
				INFOPLIST_FILE = Quiz/Info.plist;
				INFOPLIST_KEY_UIApplicationSupportsIndirectInputEvents = YES;
				INFOPLIST_KEY_UILaunchStoryboardName = LaunchScreen;
				INFOPLIST_KEY_UIMainStoryboardFile = Main;
				INFOPLIST_KEY_UISupportedInterfaceOrientations_iPad = "UIInterfaceOrientationPortrait UIInterfaceOrientationPortraitUpsideDown UIInterfaceOrientationLandscapeLeft UIInterfaceOrientationLandscapeRight";
				INFOPLIST_KEY_UISupportedInterfaceOrientations_iPhone = "UIInterfaceOrientationPortrait UIInterfaceOrientationLandscapeLeft UIInterfaceOrientationLandscapeRight";
				LD_RUNPATH_SEARCH_PATHS = (
					"$(inherited)",
					"@executable_path/Frameworks",
				);
				MARKETING_VERSION = 1.0;
				PRODUCT_BUNDLE_IDENTIFIER = com.leoleo.Quiz;
				PRODUCT_NAME = "$(TARGET_NAME)";
				SWIFT_EMIT_LOC_STRINGS = YES;
				SWIFT_VERSION = 5.0;
				TARGETED_DEVICE_FAMILY = "1,2";
			};
			name = Debug;
		};
		AA4A871E281E7D91000D89C3 /* Release */ = {
			isa = XCBuildConfiguration;
			buildSettings = {
				ASSETCATALOG_COMPILER_APPICON_NAME = AppIcon;
				ASSETCATALOG_COMPILER_GLOBAL_ACCENT_COLOR_NAME = AccentColor;
				CODE_SIGN_STYLE = Automatic;
				CURRENT_PROJECT_VERSION = 1;
				DEVELOPMENT_TEAM = 62SS56G3WJ;
				GENERATE_INFOPLIST_FILE = YES;
				INFOPLIST_FILE = Quiz/Info.plist;
				INFOPLIST_KEY_UIApplicationSupportsIndirectInputEvents = YES;
				INFOPLIST_KEY_UILaunchStoryboardName = LaunchScreen;
				INFOPLIST_KEY_UIMainStoryboardFile = Main;
				INFOPLIST_KEY_UISupportedInterfaceOrientations_iPad = "UIInterfaceOrientationPortrait UIInterfaceOrientationPortraitUpsideDown UIInterfaceOrientationLandscapeLeft UIInterfaceOrientationLandscapeRight";
				INFOPLIST_KEY_UISupportedInterfaceOrientations_iPhone = "UIInterfaceOrientationPortrait UIInterfaceOrientationLandscapeLeft UIInterfaceOrientationLandscapeRight";
				LD_RUNPATH_SEARCH_PATHS = (
					"$(inherited)",
					"@executable_path/Frameworks",
				);
				MARKETING_VERSION = 1.0;
				PRODUCT_BUNDLE_IDENTIFIER = com.leoleo.Quiz;
				PRODUCT_NAME = "$(TARGET_NAME)";
				SWIFT_EMIT_LOC_STRINGS = YES;
				SWIFT_VERSION = 5.0;
				TARGETED_DEVICE_FAMILY = "1,2";
			};
			name = Release;
		};
/* End XCBuildConfiguration section */

/* Begin XCConfigurationList section */
		AA4A8703281E7D8E000D89C3 /* Build configuration list for PBXProject "Quiz" */ = {
			isa = XCConfigurationList;
			buildConfigurations = (
				AA4A871A281E7D91000D89C3 /* Debug */,
				AA4A871B281E7D91000D89C3 /* Release */,
			);
			defaultConfigurationIsVisible = 0;
			defaultConfigurationName = Release;
		};
		AA4A871C281E7D91000D89C3 /* Build configuration list for PBXNativeTarget "Quiz" */ = {
			isa = XCConfigurationList;
			buildConfigurations = (
				AA4A871D281E7D91000D89C3 /* Debug */,
				AA4A871E281E7D91000D89C3 /* Release */,
			);
			defaultConfigurationIsVisible = 0;
			defaultConfigurationName = Release;
		};
/* End XCConfigurationList section */
	};
	rootObject = AA4A8700281E7D8E000D89C3 /* Project object */;
}
